
Microsoft Visual Studio Solution File, Format Version 12.00
# Visual Studio Version 16
VisualStudioVersion = 16.0.30128.74
MinimumVisualStudioVersion = 10.0.40219.1
Project("{FAE04EC0-301F-11D3-BF4B-00C04F79EFBC}") = "AspNetCoreHealthCheck", "AspNetCoreHealthCheck.csproj", "{8DE989FD-B41D-4AF1-9974-1D778A086FFD}"
EndProject
Project("{FAE04EC0-301F-11D3-BF4B-00C04F79EFBC}") = "DomainService.WebAPI", "..\DomainService.WebAPI\DomainService.WebAPI.csproj", "{D885B2D4-C65C-44F7-B466-5F5852A74602}"
EndProject
Global
	GlobalSection(SolutionConfigurationPlatforms) = preSolution
		Debug|Any CPU = Debug|Any CPU
		Release|Any CPU = Release|Any CPU
	EndGlobalSection
	GlobalSection(ProjectConfigurationPlatforms) = postSolution
		{8DE989FD-B41D-4AF1-9974-1D778A086FFD}.Debug|Any CPU.ActiveCfg = Debug|Any CPU
		{8DE989FD-B41D-4AF1-9974-1D778A086FFD}.Debug|Any CPU.Build.0 = Debug|Any CPU
		{8DE989FD-B41D-4AF1-9974-1D778A086FFD}.Release|Any CPU.ActiveCfg = Release|Any CPU
		{8DE989FD-B41D-4AF1-9974-1D778A086FFD}.Release|Any CPU.Build.0 = Release|Any CPU
		{D885B2D4-C65C-44F7-B466-5F5852A74602}.Debug|Any CPU.ActiveCfg = Debug|Any CPU
		{D885B2D4-C65C-44F7-B466-5F5852A74602}.Debug|Any CPU.Build.0 = Debug|Any CPU
		{D885B2D4-C65C-44F7-B466-5F5852A74602}.Release|Any CPU.ActiveCfg = Release|Any CPU
		{D885B2D4-C65C-44F7-B466-5F5852A74602}.Release|Any CPU.Build.0 = Release|Any CPU
	EndGlobalSection
	GlobalSection(SolutionProperties) = preSolution
		HideSolutionNode = FALSE
	EndGlobalSection
	GlobalSection(ExtensibilityGlobals) = postSolution
		SolutionGuid = {411F23E8-B60A-4FF5-A446-D1978B3607A8}
	EndGlobalSection
EndGlobal
